
Microsoft Visual Studio Solution File, Format Version 12.00
# Visual Studio Version 17
VisualStudioVersion = 17.2.32616.157
MinimumVisualStudioVersion = 10.0.40219.1
Project("{FAE04EC0-301F-11D3-BF4B-00C04F79EFBC}") = "MacroRecorderGUI", "MacroRecorderGUI\MacroRecorderGUI.csproj", "{0287779D-A166-4A0B-9A48-87630CE299E1}"
	ProjectSection(ProjectDependencies) = postProject
		{E3232931-D6E1-4673-8B1D-4831F9FC736B} = {E3232931-D6E1-4673-8B1D-4831F9FC736B}
	EndProjectSection
EndProject
Project("{8BC9CEB8-8B4A-11D0-8D11-00A0C91BC942}") = "RecordPlaybackDLL", "RecordPlaybackDLL\RecordPlaybackDLL.vcxproj", "{E3232931-D6E1-4673-8B1D-4831F9FC736B}"
EndProject
Project("{8BC9CEB8-8B4A-11D0-8D11-00A0C91BC942}") = "RecordPlaybackDLLTest", "RecordPlaybackDLLTest\RecordPlaybackDLLTest.vcxproj", "{3CEF2182-29DC-4059-8956-260CA91F372D}"
EndProject
Project("{FAE04EC0-301F-11D3-BF4B-00C04F79EFBC}") = "MacroRecorderGUITests", "MacroRecorderGUITests\MacroRecorderGUITests.csproj", "{DF0AA48F-C9AC-4DFB-A78D-E3B24195A40D}"
EndProject
Global
	GlobalSection(SolutionConfigurationPlatforms) = preSolution
		Debug|Any CPU = Debug|Any CPU
		Debug|x64 = Debug|x64
		Debug|x86 = Debug|x86
		Release|Any CPU = Release|Any CPU
		Release|x64 = Release|x64
		Release|x86 = Release|x86
	EndGlobalSection
	GlobalSection(ProjectConfigurationPlatforms) = postSolution
		{0287779D-A166-4A0B-9A48-87630CE299E1}.Debug|Any CPU.ActiveCfg = Debug|Any CPU
		{0287779D-A166-4A0B-9A48-87630CE299E1}.Debug|Any CPU.Build.0 = Debug|Any CPU
		{0287779D-A166-4A0B-9A48-87630CE299E1}.Debug|x64.ActiveCfg = Debug|x64
		{0287779D-A166-4A0B-9A48-87630CE299E1}.Debug|x64.Build.0 = Debug|x64
		{0287779D-A166-4A0B-9A48-87630CE299E1}.Debug|x86.ActiveCfg = Debug|x86
		{0287779D-A166-4A0B-9A48-87630CE299E1}.Debug|x86.Build.0 = Debug|x86
		{0287779D-A166-4A0B-9A48-87630CE299E1}.Release|Any CPU.ActiveCfg = Release|Any CPU
		{0287779D-A166-4A0B-9A48-87630CE299E1}.Release|Any CPU.Build.0 = Release|Any CPU
		{0287779D-A166-4A0B-9A48-87630CE299E1}.Release|x64.ActiveCfg = Release|x64
		{0287779D-A166-4A0B-9A48-87630CE299E1}.Release|x64.Build.0 = Release|x64
		{0287779D-A166-4A0B-9A48-87630CE299E1}.Release|x86.ActiveCfg = Release|x86
		{0287779D-A166-4A0B-9A48-87630CE299E1}.Release|x86.Build.0 = Release|x86
		{E3232931-D6E1-4673-8B1D-4831F9FC736B}.Debug|Any CPU.ActiveCfg = Debug|Win32
		{E3232931-D6E1-4673-8B1D-4831F9FC736B}.Debug|x64.ActiveCfg = Debug|x64
		{E3232931-D6E1-4673-8B1D-4831F9FC736B}.Debug|x64.Build.0 = Debug|x64
		{E3232931-D6E1-4673-8B1D-4831F9FC736B}.Debug|x86.ActiveCfg = Debug|Win32
		{E3232931-D6E1-4673-8B1D-4831F9FC736B}.Debug|x86.Build.0 = Debug|Win32
		{E3232931-D6E1-4673-8B1D-4831F9FC736B}.Release|Any CPU.ActiveCfg = Release|Win32
		{E3232931-D6E1-4673-8B1D-4831F9FC736B}.Release|x64.ActiveCfg = Release|x64
		{E3232931-D6E1-4673-8B1D-4831F9FC736B}.Release|x64.Build.0 = Release|x64
		{E3232931-D6E1-4673-8B1D-4831F9FC736B}.Release|x86.ActiveCfg = Release|Win32
		{E3232931-D6E1-4673-8B1D-4831F9FC736B}.Release|x86.Build.0 = Release|Win32
		{3CEF2182-29DC-4059-8956-260CA91F372D}.Debug|Any CPU.ActiveCfg = Debug|Win32
		{3CEF2182-29DC-4059-8956-260CA91F372D}.Debug|x64.ActiveCfg = Debug|x64
		{3CEF2182-29DC-4059-8956-260CA91F372D}.Debug|x86.ActiveCfg = Debug|Win32
		{3CEF2182-29DC-4059-8956-260CA91F372D}.Release|Any CPU.ActiveCfg = Release|Win32
		{3CEF2182-29DC-4059-8956-260CA91F372D}.Release|x64.ActiveCfg = Release|x64
		{3CEF2182-29DC-4059-8956-260CA91F372D}.Release|x86.ActiveCfg = Release|Win32
		{DF0AA48F-C9AC-4DFB-A78D-E3B24195A40D}.Debug|Any CPU.ActiveCfg = Debug|Any CPU
		{DF0AA48F-C9AC-4DFB-A78D-E3B24195A40D}.Debug|Any CPU.Build.0 = Debug|Any CPU
		{DF0AA48F-C9AC-4DFB-A78D-E3B24195A40D}.Debug|x64.ActiveCfg = Debug|Any CPU
		{DF0AA48F-C9AC-4DFB-A78D-E3B24195A40D}.Debug|x64.Build.0 = Debug|Any CPU
		{DF0AA48F-C9AC-4DFB-A78D-E3B24195A40D}.Debug|x86.ActiveCfg = Debug|Any CPU
		{DF0AA48F-C9AC-4DFB-A78D-E3B24195A40D}.Debug|x86.Build.0 = Debug|Any CPU
		{DF0AA48F-C9AC-4DFB-A78D-E3B24195A40D}.Release|Any CPU.ActiveCfg = Release|Any CPU
		{DF0AA48F-C9AC-4DFB-A78D-E3B24195A40D}.Release|Any CPU.Build.0 = Release|Any CPU
		{DF0AA48F-C9AC-4DFB-A78D-E3B24195A40D}.Release|x64.ActiveCfg = Release|Any CPU
		{DF0AA48F-C9AC-4DFB-A78D-E3B24195A40D}.Release|x64.Build.0 = Release|Any CPU
		{DF0AA48F-C9AC-4DFB-A78D-E3B24195A40D}.Release|x86.ActiveCfg = Release|Any CPU
		{DF0AA48F-C9AC-4DFB-A78D-E3B24195A40D}.Release|x86.Build.0 = Release|Any CPU
	EndGlobalSection
	GlobalSection(SolutionProperties) = preSolution
		HideSolutionNode = FALSE
	EndGlobalSection
	GlobalSection(ExtensibilityGlobals) = postSolution
		SolutionGuid = {7219BA8E-00E2-4A11-AFD0-5FFEC0777A0D}
	EndGlobalSection
EndGlobal
