
Microsoft Visual Studio Solution File, Format Version 12.00
# Visual Studio 14
VisualStudioVersion = 14.0.25420.1
MinimumVisualStudioVersion = 10.0.40219.1
Project("{8BC9CEB8-8B4A-11D0-8D11-00A0C91BC942}") = "macro_record", "macro_record\macro_record.vcxproj", "{AB89609E-8543-4035-824B-8B834EE73828}"
EndProject
Project("{FAE04EC0-301F-11D3-BF4B-00C04F79EFBC}") = "MacroRecorderGUI", "MacroRecorderGUI\MacroRecorderGUI.csproj", "{0287779D-A166-4A0B-9A48-87630CE299E1}"
EndProject
Project("{8BC9CEB8-8B4A-11D0-8D11-00A0C91BC942}") = "InjectAndCaptureDll", "InjectAndCaptureDll\InjectAndCaptureDll.vcxproj", "{E3232931-D6E1-4673-8B1D-4831F9FC736B}"
EndProject
Project("{FAE04EC0-301F-11D3-BF4B-00C04F79EFBC}") = "cppsharp_make_bindings", "cppsharp_make_bindings\cppsharp_make_bindings.csproj", "{4339178D-1883-4C44-9F00-FF0C7EB5DC3E}"
EndProject
Global
	GlobalSection(SolutionConfigurationPlatforms) = preSolution
		Debug|Any CPU = Debug|Any CPU
		Debug|x64 = Debug|x64
		Debug|x86 = Debug|x86
		Release|Any CPU = Release|Any CPU
		Release|x64 = Release|x64
		Release|x86 = Release|x86
	EndGlobalSection
	GlobalSection(ProjectConfigurationPlatforms) = postSolution
		{AB89609E-8543-4035-824B-8B834EE73828}.Debug|Any CPU.ActiveCfg = Debug|Win32
		{AB89609E-8543-4035-824B-8B834EE73828}.Debug|x64.ActiveCfg = Debug|x64
		{AB89609E-8543-4035-824B-8B834EE73828}.Debug|x64.Build.0 = Debug|x64
		{AB89609E-8543-4035-824B-8B834EE73828}.Debug|x86.ActiveCfg = Debug|Win32
		{AB89609E-8543-4035-824B-8B834EE73828}.Debug|x86.Build.0 = Debug|Win32
		{AB89609E-8543-4035-824B-8B834EE73828}.Release|Any CPU.ActiveCfg = Release|Win32
		{AB89609E-8543-4035-824B-8B834EE73828}.Release|x64.ActiveCfg = Release|x64
		{AB89609E-8543-4035-824B-8B834EE73828}.Release|x64.Build.0 = Release|x64
		{AB89609E-8543-4035-824B-8B834EE73828}.Release|x86.ActiveCfg = Release|Win32
		{AB89609E-8543-4035-824B-8B834EE73828}.Release|x86.Build.0 = Release|Win32
		{0287779D-A166-4A0B-9A48-87630CE299E1}.Debug|Any CPU.ActiveCfg = Debug|Any CPU
		{0287779D-A166-4A0B-9A48-87630CE299E1}.Debug|Any CPU.Build.0 = Debug|Any CPU
		{0287779D-A166-4A0B-9A48-87630CE299E1}.Debug|x64.ActiveCfg = Debug|Any CPU
		{0287779D-A166-4A0B-9A48-87630CE299E1}.Debug|x64.Build.0 = Debug|Any CPU
		{0287779D-A166-4A0B-9A48-87630CE299E1}.Debug|x86.ActiveCfg = Debug|Any CPU
		{0287779D-A166-4A0B-9A48-87630CE299E1}.Debug|x86.Build.0 = Debug|Any CPU
		{0287779D-A166-4A0B-9A48-87630CE299E1}.Release|Any CPU.ActiveCfg = Release|Any CPU
		{0287779D-A166-4A0B-9A48-87630CE299E1}.Release|Any CPU.Build.0 = Release|Any CPU
		{0287779D-A166-4A0B-9A48-87630CE299E1}.Release|x64.ActiveCfg = Release|Any CPU
		{0287779D-A166-4A0B-9A48-87630CE299E1}.Release|x64.Build.0 = Release|Any CPU
		{0287779D-A166-4A0B-9A48-87630CE299E1}.Release|x86.ActiveCfg = Release|Any CPU
		{0287779D-A166-4A0B-9A48-87630CE299E1}.Release|x86.Build.0 = Release|Any CPU
		{E3232931-D6E1-4673-8B1D-4831F9FC736B}.Debug|Any CPU.ActiveCfg = Debug|Win32
		{E3232931-D6E1-4673-8B1D-4831F9FC736B}.Debug|x64.ActiveCfg = Debug|x64
		{E3232931-D6E1-4673-8B1D-4831F9FC736B}.Debug|x64.Build.0 = Debug|x64
		{E3232931-D6E1-4673-8B1D-4831F9FC736B}.Debug|x86.ActiveCfg = Debug|Win32
		{E3232931-D6E1-4673-8B1D-4831F9FC736B}.Debug|x86.Build.0 = Debug|Win32
		{E3232931-D6E1-4673-8B1D-4831F9FC736B}.Release|Any CPU.ActiveCfg = Release|Win32
		{E3232931-D6E1-4673-8B1D-4831F9FC736B}.Release|x64.ActiveCfg = Release|x64
		{E3232931-D6E1-4673-8B1D-4831F9FC736B}.Release|x64.Build.0 = Release|x64
		{E3232931-D6E1-4673-8B1D-4831F9FC736B}.Release|x86.ActiveCfg = Release|Win32
		{E3232931-D6E1-4673-8B1D-4831F9FC736B}.Release|x86.Build.0 = Release|Win32
		{4339178D-1883-4C44-9F00-FF0C7EB5DC3E}.Debug|Any CPU.ActiveCfg = Debug|Any CPU
		{4339178D-1883-4C44-9F00-FF0C7EB5DC3E}.Debug|Any CPU.Build.0 = Debug|Any CPU
		{4339178D-1883-4C44-9F00-FF0C7EB5DC3E}.Debug|x64.ActiveCfg = Debug|Any CPU
		{4339178D-1883-4C44-9F00-FF0C7EB5DC3E}.Debug|x64.Build.0 = Debug|Any CPU
		{4339178D-1883-4C44-9F00-FF0C7EB5DC3E}.Debug|x86.ActiveCfg = Debug|Any CPU
		{4339178D-1883-4C44-9F00-FF0C7EB5DC3E}.Debug|x86.Build.0 = Debug|Any CPU
		{4339178D-1883-4C44-9F00-FF0C7EB5DC3E}.Release|Any CPU.ActiveCfg = Release|Any CPU
		{4339178D-1883-4C44-9F00-FF0C7EB5DC3E}.Release|Any CPU.Build.0 = Release|Any CPU
		{4339178D-1883-4C44-9F00-FF0C7EB5DC3E}.Release|x64.ActiveCfg = Release|Any CPU
		{4339178D-1883-4C44-9F00-FF0C7EB5DC3E}.Release|x64.Build.0 = Release|Any CPU
		{4339178D-1883-4C44-9F00-FF0C7EB5DC3E}.Release|x86.ActiveCfg = Release|Any CPU
		{4339178D-1883-4C44-9F00-FF0C7EB5DC3E}.Release|x86.Build.0 = Release|Any CPU
	EndGlobalSection
	GlobalSection(SolutionProperties) = preSolution
		HideSolutionNode = FALSE
	EndGlobalSection
EndGlobal
